// !$*UTF8*$!
{
	archiveVersion = 1;
	classes = {
	};
	objectVersion = 50;
	objects = {

/* Begin PBXBuildFile section */
		8458DA4121995C2600D71531 /* symtabl.cpp in Sources */ = {isa = PBXBuildFile; fileRef = 8458DA3F21995C2600D71531 /* symtabl.cpp */; };
		84695A652199715400B60955 /* obtabl.cpp in Sources */ = {isa = PBXBuildFile; fileRef = 84695A632199715400B60955 /* obtabl.cpp */; };
		848E21BE2193C3E000FB8373 /* main.cpp in Sources */ = {isa = PBXBuildFile; fileRef = 848E21BD2193C3E000FB8373 /* main.cpp */; };
/* End PBXBuildFile section */

/* Begin PBXCopyFilesBuildPhase section */
		848E21B82193C3E000FB8373 /* CopyFiles */ = {
			isa = PBXCopyFilesBuildPhase;
			buildActionMask = 2147483647;
			dstPath = /usr/share/man/man1/;
			dstSubfolderSpec = 0;
			files = (
			);
			runOnlyForDeploymentPostprocessing = 1;
		};
/* End PBXCopyFilesBuildPhase section */

/* Begin PBXFileReference section */
		8458DA3F21995C2600D71531 /* symtabl.cpp */ = {isa = PBXFileReference; lastKnownFileType = sourcecode.cpp.cpp; path = symtabl.cpp; sourceTree = "<group>"; };
		8458DA4021995C2600D71531 /* symtabl.hpp */ = {isa = PBXFileReference; lastKnownFileType = sourcecode.cpp.h; path = symtabl.hpp; sourceTree = "<group>"; };
		84695A632199715400B60955 /* obtabl.cpp */ = {isa = PBXFileReference; lastKnownFileType = sourcecode.cpp.cpp; path = obtabl.cpp; sourceTree = "<group>"; };
		84695A642199715400B60955 /* obtabl.hpp */ = {isa = PBXFileReference; lastKnownFileType = sourcecode.cpp.h; path = obtabl.hpp; sourceTree = "<group>"; };
		848E21BA2193C3E000FB8373 /* twoPassAssembler */ = {isa = PBXFileReference; explicitFileType = "compiled.mach-o.executable"; includeInIndex = 0; path = twoPassAssembler; sourceTree = BUILT_PRODUCTS_DIR; };
		848E21BD2193C3E000FB8373 /* main.cpp */ = {isa = PBXFileReference; lastKnownFileType = sourcecode.cpp.cpp; path = main.cpp; sourceTree = "<group>"; };
/* End PBXFileReference section */

/* Begin PBXFrameworksBuildPhase section */
		848E21B72193C3E000FB8373 /* Frameworks */ = {
			isa = PBXFrameworksBuildPhase;
			buildActionMask = 2147483647;
			files = (
			);
			runOnlyForDeploymentPostprocessing = 0;
		};
/* End PBXFrameworksBuildPhase section */

/* Begin PBXGroup section */
		848E21B12193C3E000FB8373 = {
			isa = PBXGroup;
			children = (
				848E21BC2193C3E000FB8373 /* twoPassAssembler */,
				848E21BB2193C3E000FB8373 /* Products */,
			);
			sourceTree = "<group>";
		};
		848E21BB2193C3E000FB8373 /* Products */ = {
			isa = PBXGroup;
			children = (
				848E21BA2193C3E000FB8373 /* twoPassAssembler */,
			);
			name = Products;
			sourceTree = "<group>";
		};
		848E21BC2193C3E000FB8373 /* twoPassAssembler */ = {
			isa = PBXGroup;
			children = (
				848E21BD2193C3E000FB8373 /* main.cpp */,
				8458DA3F21995C2600D71531 /* symtabl.cpp */,
				8458DA4021995C2600D71531 /* symtabl.hpp */,
				84695A632199715400B60955 /* obtabl.cpp */,
				84695A642199715400B60955 /* obtabl.hpp */,
			);
			path = twoPassAssembler;
			sourceTree = "<group>";
		};
/* End PBXGroup section */

/* Begin PBXNativeTarget section */
		848E21B92193C3E000FB8373 /* twoPassAssembler */ = {
			isa = PBXNativeTarget;
			buildConfigurationList = 848E21C12193C3E000FB8373 /* Build configuration list for PBXNativeTarget "twoPassAssembler" */;
			buildPhases = (
				848E21B62193C3E000FB8373 /* Sources */,
				848E21B72193C3E000FB8373 /* Frameworks */,
				848E21B82193C3E000FB8373 /* CopyFiles */,
			);
			buildRules = (
			);
			dependencies = (
			);
			name = twoPassAssembler;
			productName = twoPassAssembler;
			productReference = 848E21BA2193C3E000FB8373 /* twoPassAssembler */;
			productType = "com.apple.product-type.tool";
		};
/* End PBXNativeTarget section */

/* Begin PBXProject section */
		848E21B22193C3E000FB8373 /* Project object */ = {
			isa = PBXProject;
			attributes = {
				LastUpgradeCheck = 1010;
				ORGANIZATIONNAME = wndzlf;
				TargetAttributes = {
					848E21B92193C3E000FB8373 = {
						CreatedOnToolsVersion = 10.1;
					};
				};
			};
			buildConfigurationList = 848E21B52193C3E000FB8373 /* Build configuration list for PBXProject "twoPassAssembler" */;
			compatibilityVersion = "Xcode 9.3";
			developmentRegion = en;
			hasScannedForEncodings = 0;
			knownRegions = (
				en,
			);
			mainGroup = 848E21B12193C3E000FB8373;
			productRefGroup = 848E21BB2193C3E000FB8373 /* Products */;
			projectDirPath = "";
			projectRoot = "";
			targets = (
				848E21B92193C3E000FB8373 /* twoPassAssembler */,
			);
		};
/* End PBXProject section */

/* Begin PBXSourcesBuildPhase section */
		848E21B62193C3E000FB8373 /* Sources */ = {
			isa = PBXSourcesBuildPhase;
			buildActionMask = 2147483647;
			files = (
				848E21BE2193C3E000FB8373 /* main.cpp in Sources */,
				84695A652199715400B60955 /* obtabl.cpp in Sources */,
				8458DA4121995C2600D71531 /* symtabl.cpp in Sources */,
			);
			runOnlyForDeploymentPostprocessing = 0;
		};
/* End PBXSourcesBuildPhase section */

/* Begin XCBuildConfiguration section */
		848E21BF2193C3E000FB8373 /* Debug */ = {
			isa = XCBuildConfiguration;
			buildSettings = {
				ALWAYS_SEARCH_USER_PATHS = NO;
				CLANG_ANALYZER_NONNULL = YES;
				CLANG_ANALYZER_NUMBER_OBJECT_CONVERSION = YES_AGGRESSIVE;
				CLANG_CXX_LANGUAGE_STANDARD = "gnu++14";
				CLANG_CXX_LIBRARY = "libc++";
				CLANG_ENABLE_MODULES = YES;
				CLANG_ENABLE_OBJC_ARC = YES;
				CLANG_ENABLE_OBJC_WEAK = YES;
				CLANG_WARN_BLOCK_CAPTURE_AUTORELEASING = YES;
				CLANG_WARN_BOOL_CONVERSION = YES;
				CLANG_WARN_COMMA = YES;
				CLANG_WARN_CONSTANT_CONVERSION = YES;
				CLANG_WARN_DEPRECATED_OBJC_IMPLEMENTATIONS = YES;
				CLANG_WARN_DIRECT_OBJC_ISA_USAGE = YES_ERROR;
				CLANG_WARN_DOCUMENTATION_COMMENTS = YES;
				CLANG_WARN_EMPTY_BODY = YES;
				CLANG_WARN_ENUM_CONVERSION = YES;
				CLANG_WARN_INFINITE_RECURSION = YES;
				CLANG_WARN_INT_CONVERSION = YES;
				CLANG_WARN_NON_LITERAL_NULL_CONVERSION = YES;
				CLANG_WARN_OBJC_IMPLICIT_RETAIN_SELF = YES;
				CLANG_WARN_OBJC_LITERAL_CONVERSION = YES;
				CLANG_WARN_OBJC_ROOT_CLASS = YES_ERROR;
				CLANG_WARN_RANGE_LOOP_ANALYSIS = YES;
				CLANG_WARN_STRICT_PROTOTYPES = YES;
				CLANG_WARN_SUSPICIOUS_MOVE = YES;
				CLANG_WARN_UNGUARDED_AVAILABILITY = YES_AGGRESSIVE;
				CLANG_WARN_UNREACHABLE_CODE = YES;
				CLANG_WARN__DUPLICATE_METHOD_MATCH = YES;
				CODE_SIGN_IDENTITY = "-";
				COPY_PHASE_STRIP = NO;
				DEBUG_INFORMATION_FORMAT = dwarf;
				ENABLE_STRICT_OBJC_MSGSEND = YES;
				ENABLE_TESTABILITY = YES;
				GCC_C_LANGUAGE_STANDARD = gnu11;
				GCC_DYNAMIC_NO_PIC = NO;
				GCC_NO_COMMON_BLOCKS = YES;
				GCC_OPTIMIZATION_LEVEL = 0;
				GCC_PREPROCESSOR_DEFINITIONS = (
					"DEBUG=1",
					"$(inherited)",
				);
				GCC_WARN_64_TO_32_BIT_CONVERSION = YES;
				GCC_WARN_ABOUT_RETURN_TYPE = YES_ERROR;
				GCC_WARN_UNDECLARED_SELECTOR = YES;
				GCC_WARN_UNINITIALIZED_AUTOS = YES_AGGRESSIVE;
				GCC_WARN_UNUSED_FUNCTION = YES;
				GCC_WARN_UNUSED_VARIABLE = YES;
				MACOSX_DEPLOYMENT_TARGET = 10.14;
				MTL_ENABLE_DEBUG_INFO = INCLUDE_SOURCE;
				MTL_FAST_MATH = YES;
				ONLY_ACTIVE_ARCH = YES;
				SDKROOT = macosx;
			};
			name = Debug;
		};
		848E21C02193C3E000FB8373 /* Release */ = {
			isa = XCBuildConfiguration;
			buildSettings = {
				ALWAYS_SEARCH_USER_PATHS = NO;
				CLANG_ANALYZER_NONNULL = YES;
				CLANG_ANALYZER_NUMBER_OBJECT_CONVERSION = YES_AGGRESSIVE;
				CLANG_CXX_LANGUAGE_STANDARD = "gnu++14";
				CLANG_CXX_LIBRARY = "libc++";
				CLANG_ENABLE_MODULES = YES;
				CLANG_ENABLE_OBJC_ARC = YES;
				CLANG_ENABLE_OBJC_WEAK = YES;
				CLANG_WARN_BLOCK_CAPTURE_AUTORELEASING = YES;
				CLANG_WARN_BOOL_CONVERSION = YES;
				CLANG_WARN_COMMA = YES;
				CLANG_WARN_CONSTANT_CONVERSION = YES;
				CLANG_WARN_DEPRECATED_OBJC_IMPLEMENTATIONS = YES;
				CLANG_WARN_DIRECT_OBJC_ISA_USAGE = YES_ERROR;
				CLANG_WARN_DOCUMENTATION_COMMENTS = YES;
				CLANG_WARN_EMPTY_BODY = YES;
				CLANG_WARN_ENUM_CONVERSION = YES;
				CLANG_WARN_INFINITE_RECURSION = YES;
				CLANG_WARN_INT_CONVERSION = YES;
				CLANG_WARN_NON_LITERAL_NULL_CONVERSION = YES;
				CLANG_WARN_OBJC_IMPLICIT_RETAIN_SELF = YES;
				CLANG_WARN_OBJC_LITERAL_CONVERSION = YES;
				CLANG_WARN_OBJC_ROOT_CLASS = YES_ERROR;
				CLANG_WARN_RANGE_LOOP_ANALYSIS = YES;
				CLANG_WARN_STRICT_PROTOTYPES = YES;
				CLANG_WARN_SUSPICIOUS_MOVE = YES;
				CLANG_WARN_UNGUARDED_AVAILABILITY = YES_AGGRESSIVE;
				CLANG_WARN_UNREACHABLE_CODE = YES;
				CLANG_WARN__DUPLICATE_METHOD_MATCH = YES;
				CODE_SIGN_IDENTITY = "-";
				COPY_PHASE_STRIP = NO;
				DEBUG_INFORMATION_FORMAT = "dwarf-with-dsym";
				ENABLE_NS_ASSERTIONS = NO;
				ENABLE_STRICT_OBJC_MSGSEND = YES;
				GCC_C_LANGUAGE_STANDARD = gnu11;
				GCC_NO_COMMON_BLOCKS = YES;
				GCC_WARN_64_TO_32_BIT_CONVERSION = YES;
				GCC_WARN_ABOUT_RETURN_TYPE = YES_ERROR;
				GCC_WARN_UNDECLARED_SELECTOR = YES;
				GCC_WARN_UNINITIALIZED_AUTOS = YES_AGGRESSIVE;
				GCC_WARN_UNUSED_FUNCTION = YES;
				GCC_WARN_UNUSED_VARIABLE = YES;
				MACOSX_DEPLOYMENT_TARGET = 10.14;
				MTL_ENABLE_DEBUG_INFO = NO;
				MTL_FAST_MATH = YES;
				SDKROOT = macosx;
			};
			name = Release;
		};
		848E21C22193C3E000FB8373 /* Debug */ = {
			isa = XCBuildConfiguration;
			buildSettings = {
				CODE_SIGN_STYLE = Automatic;
				PRODUCT_NAME = "$(TARGET_NAME)";
			};
			name = Debug;
		};
		848E21C32193C3E000FB8373 /* Release */ = {
			isa = XCBuildConfiguration;
			buildSettings = {
				CODE_SIGN_STYLE = Automatic;
				PRODUCT_NAME = "$(TARGET_NAME)";
			};
			name = Release;
		};
/* End XCBuildConfiguration section */

/* Begin XCConfigurationList section */
		848E21B52193C3E000FB8373 /* Build configuration list for PBXProject "twoPassAssembler" */ = {
			isa = XCConfigurationList;
			buildConfigurations = (
				848E21BF2193C3E000FB8373 /* Debug */,
				848E21C02193C3E000FB8373 /* Release */,
			);
			defaultConfigurationIsVisible = 0;
			defaultConfigurationName = Release;
		};
		848E21C12193C3E000FB8373 /* Build configuration list for PBXNativeTarget "twoPassAssembler" */ = {
			isa = XCConfigurationList;
			buildConfigurations = (
				848E21C22193C3E000FB8373 /* Debug */,
				848E21C32193C3E000FB8373 /* Release */,
			);
			defaultConfigurationIsVisible = 0;
			defaultConfigurationName = Release;
		};
/* End XCConfigurationList section */
	};
	rootObject = 848E21B22193C3E000FB8373 /* Project object */;
}
